// !$*UTF8*$!
{
	archiveVersion = 1;
	classes = {};
	objectVersion = 56;
	objects = {
		079E9AD584F121BEB0BBA34E = { isa = XCLocalSwiftPackageReference; relativePath = WatchdogCore; };
		1AF48785A2FDBA773F034A7A = { isa = PBXFileReference; lastKnownFileType = sourcecode.swift; path = "App/AppStore.swift"; sourceTree = SOURCE_ROOT; };
		AC5EFAEBEE9AEE66238818B5 = { isa = PBXBuildFile; fileRef = 1AF48785A2FDBA773F034A7A; };
		6CDA510B568988DCA3DE4134 = { isa = PBXFileReference; lastKnownFileType = sourcecode.swift; path = "App/Brand/WatchdogEmblem.swift"; sourceTree = SOURCE_ROOT; };
		05FADCCCED9A6D86276F9C71 = { isa = PBXBuildFile; fileRef = 6CDA510B568988DCA3DE4134; };
		598AE44FAF452D687036080A = { isa = PBXFileReference; lastKnownFileType = sourcecode.swift; path = "App/Design/WDComponents.swift"; sourceTree = SOURCE_ROOT; };
		610D6A932E1F5F455E47330B = { isa = PBXBuildFile; fileRef = 598AE44FAF452D687036080A; };
		5CB817A71B902ACC42407074 = { isa = PBXFileReference; lastKnownFileType = sourcecode.swift; path = "App/Design/WDTheme.swift"; sourceTree = SOURCE_ROOT; };
		E44B7F5482553400369A4202 = { isa = PBXBuildFile; fileRef = 5CB817A71B902ACC42407074; };
		090C5D6F59EE69A3A53DEFF8 = { isa = PBXFileReference; lastKnownFileType = sourcecode.swift; path = "App/Explore/ExploreMap.swift"; sourceTree = SOURCE_ROOT; };
		4E3DE3C024EBC814854AEC5C = { isa = PBXBuildFile; fileRef = 090C5D6F59EE69A3A53DEFF8; };
		9CA02EB1EB7CFB767508F4D9 = { isa = PBXFileReference; lastKnownFileType = sourcecode.swift; path = "App/Explore/ExploreView.swift"; sourceTree = SOURCE_ROOT; };
		9FB08E60299EBF7127293FA5 = { isa = PBXBuildFile; fileRef = 9CA02EB1EB7CFB767508F4D9; };
		FCB1CCC8A58FCFCDBEB9B135 = { isa = PBXFileReference; lastKnownFileType = sourcecode.swift; path = "App/Explore/NearbyLocation.swift"; sourceTree = SOURCE_ROOT; };
		CCEF1E23860F046756EACE1D = { isa = PBXBuildFile; fileRef = FCB1CCC8A58FCFCDBEB9B135; };
		D490C6DEABE46FF1EB8024EC = { isa = PBXFileReference; lastKnownFileType = sourcecode.swift; path = "App/Explore/PropertyFilterView.swift"; sourceTree = SOURCE_ROOT; };
		3AAD60F8B2A209D6F21F1BE1 = { isa = PBXBuildFile; fileRef = D490C6DEABE46FF1EB8024EC; };
		9553A9A5E060F48D3328229C = { isa = PBXFileReference; lastKnownFileType = sourcecode.swift; path = "App/Features/AtlasView.swift"; sourceTree = SOURCE_ROOT; };
		0818FFC83843ABCBD458C6B7 = { isa = PBXBuildFile; fileRef = 9553A9A5E060F48D3328229C; };
		69AA7976D623C65C69B43A3B = { isa = PBXFileReference; lastKnownFileType = sourcecode.swift; path = "App/Features/CompareView.swift"; sourceTree = SOURCE_ROOT; };
		5A9476C4576031646E3A1618 = { isa = PBXBuildFile; fileRef = 69AA7976D623C65C69B43A3B; };
		AE7789C393152B9E68C33722 = { isa = PBXFileReference; lastKnownFileType = sourcecode.swift; path = "App/Features/DossierExport.swift"; sourceTree = SOURCE_ROOT; };
		DC5CB48D2586FA5BE8157A4F = { isa = PBXBuildFile; fileRef = AE7789C393152B9E68C33722; };
		16714DFF0A1922C479BBF14F = { isa = PBXFileReference; lastKnownFileType = sourcecode.swift; path = "App/Features/FeatureSupport.swift"; sourceTree = SOURCE_ROOT; };
		0BF23F42431C12421CE8B67C = { isa = PBXBuildFile; fileRef = 16714DFF0A1922C479BBF14F; };
		D98B35846B7C99701DF9A1DB = { isa = PBXFileReference; lastKnownFileType = sourcecode.swift; path = "App/Features/HomeView.swift"; sourceTree = SOURCE_ROOT; };
		9445E686060E433428A2E8CF = { isa = PBXBuildFile; fileRef = D98B35846B7C99701DF9A1DB; };
		7C2DEA70984FB8AE4C1A41EC = { isa = PBXFileReference; lastKnownFileType = sourcecode.swift; path = "App/Features/PropertyDetailView.swift"; sourceTree = SOURCE_ROOT; };
		41019B0A79445337CA353F03 = { isa = PBXBuildFile; fileRef = 7C2DEA70984FB8AE4C1A41EC; };
		5D1C6375ACF12EE1B3AB3D9B = { isa = PBXFileReference; lastKnownFileType = sourcecode.swift; path = "App/Features/PropertyHistory.swift"; sourceTree = SOURCE_ROOT; };
		7A2212CAE0D7379CE7B632C7 = { isa = PBXBuildFile; fileRef = 5D1C6375ACF12EE1B3AB3D9B; };
		B1EA3FA429333F07C767E08C = { isa = PBXFileReference; lastKnownFileType = sourcecode.swift; path = "App/Features/PropertyOverview.swift"; sourceTree = SOURCE_ROOT; };
		86D8F78340F8CB73E9C9BE9D = { isa = PBXBuildFile; fileRef = B1EA3FA429333F07C767E08C; };
		CF098B74B7E7F4C58E753F3A = { isa = PBXFileReference; lastKnownFileType = sourcecode.swift; path = "App/Features/PropertySources.swift"; sourceTree = SOURCE_ROOT; };
		F4513DDCD51D9146020950F3 = { isa = PBXBuildFile; fileRef = CF098B74B7E7F4C58E753F3A; };
		86307217399115120F311762 = { isa = PBXFileReference; lastKnownFileType = sourcecode.swift; path = "App/Features/SavedView.swift"; sourceTree = SOURCE_ROOT; };
		023868338A09615D05982764 = { isa = PBXBuildFile; fileRef = 86307217399115120F311762; };
		20706031C067DE1E087A8440 = { isa = PBXFileReference; lastKnownFileType = sourcecode.swift; path = "App/SettingsView.swift"; sourceTree = SOURCE_ROOT; };
		FE437AE4AFF168BCD3907E0E = { isa = PBXBuildFile; fileRef = 20706031C067DE1E087A8440; };
		4FA1855D1CCFB7C93E3347AC = { isa = PBXFileReference; lastKnownFileType = sourcecode.swift; path = "App/WatchdogApp.swift"; sourceTree = SOURCE_ROOT; };
		D0DA5B05F2D4D2640E329A58 = { isa = PBXBuildFile; fileRef = 4FA1855D1CCFB7C93E3347AC; };
		ABF778AE2FF18BC9DC03833C = { isa = PBXFileReference; lastKnownFileType = sourcecode.swift; path = "App/WelcomeView.swift"; sourceTree = SOURCE_ROOT; };
		F41BC3E537725ABFF5248C44 = { isa = PBXBuildFile; fileRef = ABF778AE2FF18BC9DC03833C; };
		8E51972311490AA22757542A = { isa = PBXFileReference; lastKnownFileType = text.plist.xml; path = "App/Info.plist"; sourceTree = SOURCE_ROOT; };
		1E1845734691A984F3F82770 = { isa = PBXFileReference; lastKnownFileType = text.xml; path = "App/PrivacyInfo.xcprivacy"; sourceTree = SOURCE_ROOT; };
		7266A12197250C9E829718B2 = { isa = PBXBuildFile; fileRef = 1E1845734691A984F3F82770; };
		6A3FF79B8B94FADC09A4379C = { isa = PBXFileReference; lastKnownFileType = folder.assetcatalog; path = "App/Assets.xcassets"; sourceTree = SOURCE_ROOT; };
		F8EAB1FF05A5044AC3E6E01A = { isa = PBXBuildFile; fileRef = 6A3FF79B8B94FADC09A4379C; };
		A060F5442B6E7B3645A92FA4 = { isa = PBXGroup; children = (1AF48785A2FDBA773F034A7A, 6CDA510B568988DCA3DE4134, 598AE44FAF452D687036080A, 5CB817A71B902ACC42407074, 090C5D6F59EE69A3A53DEFF8, 9CA02EB1EB7CFB767508F4D9, FCB1CCC8A58FCFCDBEB9B135, D490C6DEABE46FF1EB8024EC, 9553A9A5E060F48D3328229C, 69AA7976D623C65C69B43A3B, AE7789C393152B9E68C33722, 16714DFF0A1922C479BBF14F, D98B35846B7C99701DF9A1DB, 7C2DEA70984FB8AE4C1A41EC, 5D1C6375ACF12EE1B3AB3D9B, B1EA3FA429333F07C767E08C, CF098B74B7E7F4C58E753F3A, 86307217399115120F311762, 20706031C067DE1E087A8440, 4FA1855D1CCFB7C93E3347AC, ABF778AE2FF18BC9DC03833C, 8E51972311490AA22757542A, 1E1845734691A984F3F82770, 6A3FF79B8B94FADC09A4379C,); name = "Watchdog"; sourceTree = "<group>"; };
		E58D200729876DE99B02AB75 = { isa = PBXFileReference; explicitFileType = wrapper.application; includeInIndex = 0; path = "Watchdog.app"; sourceTree = BUILT_PRODUCTS_DIR; };
		67C28ADDA7A887FABF4F659A = { isa = XCSwiftPackageProductDependency; package = 079E9AD584F121BEB0BBA34E; productName = WatchdogCore; };
		C6345F10E52657FF5452EE7D = { isa = PBXBuildFile; productRef = 67C28ADDA7A887FABF4F659A; };
		E5935D2C4B9E2B8F510501E4 = { isa = PBXSourcesBuildPhase; buildActionMask = 2147483647; files = (AC5EFAEBEE9AEE66238818B5, 05FADCCCED9A6D86276F9C71, 610D6A932E1F5F455E47330B, E44B7F5482553400369A4202, 4E3DE3C024EBC814854AEC5C, 9FB08E60299EBF7127293FA5, CCEF1E23860F046756EACE1D, 3AAD60F8B2A209D6F21F1BE1, 0818FFC83843ABCBD458C6B7, 5A9476C4576031646E3A1618, DC5CB48D2586FA5BE8157A4F, 0BF23F42431C12421CE8B67C, 9445E686060E433428A2E8CF, 41019B0A79445337CA353F03, 7A2212CAE0D7379CE7B632C7, 86D8F78340F8CB73E9C9BE9D, F4513DDCD51D9146020950F3, 023868338A09615D05982764, FE437AE4AFF168BCD3907E0E, D0DA5B05F2D4D2640E329A58, F41BC3E537725ABFF5248C44,); runOnlyForDeploymentPostprocessing = 0; };
		8ACB025674B30F914D5A3446 = { isa = PBXFrameworksBuildPhase; buildActionMask = 2147483647; files = (C6345F10E52657FF5452EE7D,); runOnlyForDeploymentPostprocessing = 0; };
		292A74CF30C96A6DED8C9B50 = { isa = PBXResourcesBuildPhase; buildActionMask = 2147483647; files = (7266A12197250C9E829718B2, F8EAB1FF05A5044AC3E6E01A,); runOnlyForDeploymentPostprocessing = 0; };
		FDAA9DE48D81DC5D02316DC0 = { isa = XCBuildConfiguration; buildSettings = { CLANG_ENABLE_MODULES = YES; CLANG_ENABLE_OBJC_ARC = YES; SWIFT_VERSION = 5.0; IPHONEOS_DEPLOYMENT_TARGET = 17.0; SDKROOT = iphoneos; CODE_SIGN_STYLE = Automatic; DEVELOPMENT_TEAM = ""; TARGETED_DEVICE_FAMILY = "1,2"; SUPPORTED_PLATFORMS = "iphoneos iphonesimulator"; SWIFT_STRICT_CONCURRENCY = targeted; ENABLE_USER_SCRIPT_SANDBOXING = YES; SUPPORTS_MACCATALYST = NO; SUPPORTS_MAC_DESIGNED_FOR_IPHONE_IPAD = NO; PRODUCT_NAME = "$(TARGET_NAME)"; PRODUCT_BUNDLE_IDENTIFIER = "com.watchdogindex.consumer"; GENERATE_INFOPLIST_FILE = NO; LD_RUNPATH_SEARCH_PATHS = ("$(inherited)", "@executable_path/Frameworks", "@loader_path/Frameworks",); INFOPLIST_FILE = App/Info.plist; ASSETCATALOG_COMPILER_APPICON_NAME = AppIcon; MARKETING_VERSION = 1.0; CURRENT_PROJECT_VERSION = 1; PRODUCT_MODULE_NAME = Watchdog; ENABLE_PREVIEWS = YES; SWIFT_EMIT_LOC_STRINGS = YES; SWIFT_OPTIMIZATION_LEVEL = "-Onone"; SWIFT_ACTIVE_COMPILATION_CONDITIONS = "DEBUG $(inherited)"; ENABLE_TESTABILITY = YES; }; name = Debug; };
		E8A4D06232AD72F4FEBFDAF9 = { isa = XCBuildConfiguration; buildSettings = { CLANG_ENABLE_MODULES = YES; CLANG_ENABLE_OBJC_ARC = YES; SWIFT_VERSION = 5.0; IPHONEOS_DEPLOYMENT_TARGET = 17.0; SDKROOT = iphoneos; CODE_SIGN_STYLE = Automatic; DEVELOPMENT_TEAM = ""; TARGETED_DEVICE_FAMILY = "1,2"; SUPPORTED_PLATFORMS = "iphoneos iphonesimulator"; SWIFT_STRICT_CONCURRENCY = targeted; ENABLE_USER_SCRIPT_SANDBOXING = YES; SUPPORTS_MACCATALYST = NO; SUPPORTS_MAC_DESIGNED_FOR_IPHONE_IPAD = NO; PRODUCT_NAME = "$(TARGET_NAME)"; PRODUCT_BUNDLE_IDENTIFIER = "com.watchdogindex.consumer"; GENERATE_INFOPLIST_FILE = NO; LD_RUNPATH_SEARCH_PATHS = ("$(inherited)", "@executable_path/Frameworks", "@loader_path/Frameworks",); INFOPLIST_FILE = App/Info.plist; ASSETCATALOG_COMPILER_APPICON_NAME = AppIcon; MARKETING_VERSION = 1.0; CURRENT_PROJECT_VERSION = 1; PRODUCT_MODULE_NAME = Watchdog; ENABLE_PREVIEWS = YES; SWIFT_EMIT_LOC_STRINGS = YES; SWIFT_OPTIMIZATION_LEVEL = "-O"; SWIFT_ACTIVE_COMPILATION_CONDITIONS = "$(inherited)"; }; name = Release; };
		86EED817F7822AAD7A82BB82 = { isa = XCConfigurationList; buildConfigurations = (FDAA9DE48D81DC5D02316DC0, E8A4D06232AD72F4FEBFDAF9,); defaultConfigurationIsVisible = 0; defaultConfigurationName = Release; };
		4FE302B16B06C124EE5CA377 = { isa = PBXNativeTarget; buildConfigurationList = 86EED817F7822AAD7A82BB82; buildPhases = (E5935D2C4B9E2B8F510501E4, 8ACB025674B30F914D5A3446, 292A74CF30C96A6DED8C9B50,); buildRules = (); dependencies = (); name = Watchdog; packageProductDependencies = (67C28ADDA7A887FABF4F659A,); productName = Watchdog; productReference = E58D200729876DE99B02AB75; productType = "com.apple.product-type.application"; };
		8B88676D3A43E39FDAABD0B6 = { isa = PBXFileReference; lastKnownFileType = sourcecode.swift; path = "Tests/WatchdogTests/AppStoreTests.swift"; sourceTree = SOURCE_ROOT; };
		27FED97A817C57F6D7029BED = { isa = PBXBuildFile; fileRef = 8B88676D3A43E39FDAABD0B6; };
		FF536BCAD78E5887F23E02FD = { isa = PBXGroup; children = (8B88676D3A43E39FDAABD0B6,); name = "WatchdogTests"; sourceTree = "<group>"; };
		468C4C17392270CD3F70EA5C = { isa = PBXFileReference; explicitFileType = wrapper.cfbundle; includeInIndex = 0; path = "WatchdogTests.xctest"; sourceTree = BUILT_PRODUCTS_DIR; };
		F4C220958B9C569C0F77A066 = { isa = XCSwiftPackageProductDependency; package = 079E9AD584F121BEB0BBA34E; productName = WatchdogCore; };
		DBFBCB6C7817763055AA16CB = { isa = PBXBuildFile; productRef = F4C220958B9C569C0F77A066; };
		1A4B0D7C37DFCD0E3F084C4C = { isa = PBXSourcesBuildPhase; buildActionMask = 2147483647; files = (27FED97A817C57F6D7029BED,); runOnlyForDeploymentPostprocessing = 0; };
		69D2DA196233D25320A0F771 = { isa = PBXFrameworksBuildPhase; buildActionMask = 2147483647; files = (DBFBCB6C7817763055AA16CB,); runOnlyForDeploymentPostprocessing = 0; };
		655A183FA3EE067A41465720 = { isa = PBXResourcesBuildPhase; buildActionMask = 2147483647; files = (); runOnlyForDeploymentPostprocessing = 0; };
		CA8DE9D05252C85E674BD58F = { isa = PBXContainerItemProxy; containerPortal = F6F4DA8D93E88A08220E03B7; proxyType = 1; remoteGlobalIDString = 4FE302B16B06C124EE5CA377; remoteInfo = Watchdog; };
		24C43D3611A4876B0EFC3207 = { isa = PBXTargetDependency; target = 4FE302B16B06C124EE5CA377; targetProxy = CA8DE9D05252C85E674BD58F; };
		67B7B1262C670B27020DDBE5 = { isa = XCBuildConfiguration; buildSettings = { CLANG_ENABLE_MODULES = YES; CLANG_ENABLE_OBJC_ARC = YES; SWIFT_VERSION = 5.0; IPHONEOS_DEPLOYMENT_TARGET = 17.0; SDKROOT = iphoneos; CODE_SIGN_STYLE = Automatic; DEVELOPMENT_TEAM = ""; TARGETED_DEVICE_FAMILY = "1,2"; SUPPORTED_PLATFORMS = "iphoneos iphonesimulator"; SWIFT_STRICT_CONCURRENCY = targeted; ENABLE_USER_SCRIPT_SANDBOXING = YES; SUPPORTS_MACCATALYST = NO; SUPPORTS_MAC_DESIGNED_FOR_IPHONE_IPAD = NO; PRODUCT_NAME = "$(TARGET_NAME)"; PRODUCT_BUNDLE_IDENTIFIER = "com.watchdogindex.consumer.WatchdogTests"; GENERATE_INFOPLIST_FILE = YES; LD_RUNPATH_SEARCH_PATHS = ("$(inherited)", "@executable_path/Frameworks", "@loader_path/Frameworks",); BUNDLE_LOADER = "$(TEST_HOST)"; TEST_HOST = "$(BUILT_PRODUCTS_DIR)/Watchdog.app/Watchdog"; SWIFT_OPTIMIZATION_LEVEL = "-Onone"; SWIFT_ACTIVE_COMPILATION_CONDITIONS = "DEBUG $(inherited)"; ENABLE_TESTABILITY = YES; }; name = Debug; };
		32D917EEB78A2AC4D21F4E63 = { isa = XCBuildConfiguration; buildSettings = { CLANG_ENABLE_MODULES = YES; CLANG_ENABLE_OBJC_ARC = YES; SWIFT_VERSION = 5.0; IPHONEOS_DEPLOYMENT_TARGET = 17.0; SDKROOT = iphoneos; CODE_SIGN_STYLE = Automatic; DEVELOPMENT_TEAM = ""; TARGETED_DEVICE_FAMILY = "1,2"; SUPPORTED_PLATFORMS = "iphoneos iphonesimulator"; SWIFT_STRICT_CONCURRENCY = targeted; ENABLE_USER_SCRIPT_SANDBOXING = YES; SUPPORTS_MACCATALYST = NO; SUPPORTS_MAC_DESIGNED_FOR_IPHONE_IPAD = NO; PRODUCT_NAME = "$(TARGET_NAME)"; PRODUCT_BUNDLE_IDENTIFIER = "com.watchdogindex.consumer.WatchdogTests"; GENERATE_INFOPLIST_FILE = YES; LD_RUNPATH_SEARCH_PATHS = ("$(inherited)", "@executable_path/Frameworks", "@loader_path/Frameworks",); BUNDLE_LOADER = "$(TEST_HOST)"; TEST_HOST = "$(BUILT_PRODUCTS_DIR)/Watchdog.app/Watchdog"; SWIFT_OPTIMIZATION_LEVEL = "-O"; SWIFT_ACTIVE_COMPILATION_CONDITIONS = "$(inherited)"; }; name = Release; };
		0528D7D6DD1E12C0555DC6F0 = { isa = XCConfigurationList; buildConfigurations = (67B7B1262C670B27020DDBE5, 32D917EEB78A2AC4D21F4E63,); defaultConfigurationIsVisible = 0; defaultConfigurationName = Release; };
		D3D620445B8F88632504EFC3 = { isa = PBXNativeTarget; buildConfigurationList = 0528D7D6DD1E12C0555DC6F0; buildPhases = (1A4B0D7C37DFCD0E3F084C4C, 69D2DA196233D25320A0F771, 655A183FA3EE067A41465720,); buildRules = (); dependencies = (24C43D3611A4876B0EFC3207,); name = WatchdogTests; packageProductDependencies = (F4C220958B9C569C0F77A066,); productName = WatchdogTests; productReference = 468C4C17392270CD3F70EA5C; productType = "com.apple.product-type.bundle.unit-test"; };
		F85751F195826C05A8CC9511 = { isa = PBXFileReference; lastKnownFileType = sourcecode.swift; path = "Tests/WatchdogUITests/ConsumerFlowTests.swift"; sourceTree = SOURCE_ROOT; };
		CD7F7BBBAF3AABEB1923C5B1 = { isa = PBXBuildFile; fileRef = F85751F195826C05A8CC9511; };
		6968B9B7788A8A82582991A6 = { isa = PBXGroup; children = (F85751F195826C05A8CC9511,); name = "WatchdogUITests"; sourceTree = "<group>"; };
		A53B6BB576869C14512B35FD = { isa = PBXFileReference; explicitFileType = wrapper.cfbundle; includeInIndex = 0; path = "WatchdogUITests.xctest"; sourceTree = BUILT_PRODUCTS_DIR; };
		154C1383AF0436CF8D78030B = { isa = PBXSourcesBuildPhase; buildActionMask = 2147483647; files = (CD7F7BBBAF3AABEB1923C5B1,); runOnlyForDeploymentPostprocessing = 0; };
		FAE165F99EA0669773A0774B = { isa = PBXFrameworksBuildPhase; buildActionMask = 2147483647; files = (); runOnlyForDeploymentPostprocessing = 0; };
		06000EC3773114FB7B3349A4 = { isa = PBXResourcesBuildPhase; buildActionMask = 2147483647; files = (); runOnlyForDeploymentPostprocessing = 0; };
		7BE269855841ADDBDBD86477 = { isa = PBXContainerItemProxy; containerPortal = F6F4DA8D93E88A08220E03B7; proxyType = 1; remoteGlobalIDString = 4FE302B16B06C124EE5CA377; remoteInfo = Watchdog; };
		1C296E7711B4A23AEBAF73D8 = { isa = PBXTargetDependency; target = 4FE302B16B06C124EE5CA377; targetProxy = 7BE269855841ADDBDBD86477; };
		D1D2B26E9212C983622F0F5A = { isa = XCBuildConfiguration; buildSettings = { CLANG_ENABLE_MODULES = YES; CLANG_ENABLE_OBJC_ARC = YES; SWIFT_VERSION = 5.0; IPHONEOS_DEPLOYMENT_TARGET = 17.0; SDKROOT = iphoneos; CODE_SIGN_STYLE = Automatic; DEVELOPMENT_TEAM = ""; TARGETED_DEVICE_FAMILY = "1,2"; SUPPORTED_PLATFORMS = "iphoneos iphonesimulator"; SWIFT_STRICT_CONCURRENCY = targeted; ENABLE_USER_SCRIPT_SANDBOXING = YES; SUPPORTS_MACCATALYST = NO; SUPPORTS_MAC_DESIGNED_FOR_IPHONE_IPAD = NO; PRODUCT_NAME = "$(TARGET_NAME)"; PRODUCT_BUNDLE_IDENTIFIER = "com.watchdogindex.consumer.WatchdogUITests"; GENERATE_INFOPLIST_FILE = YES; LD_RUNPATH_SEARCH_PATHS = ("$(inherited)", "@executable_path/Frameworks", "@loader_path/Frameworks",); TEST_TARGET_NAME = Watchdog; SWIFT_OPTIMIZATION_LEVEL = "-Onone"; SWIFT_ACTIVE_COMPILATION_CONDITIONS = "DEBUG $(inherited)"; ENABLE_TESTABILITY = YES; }; name = Debug; };
		25045E29D5E83E481958D07F = { isa = XCBuildConfiguration; buildSettings = { CLANG_ENABLE_MODULES = YES; CLANG_ENABLE_OBJC_ARC = YES; SWIFT_VERSION = 5.0; IPHONEOS_DEPLOYMENT_TARGET = 17.0; SDKROOT = iphoneos; CODE_SIGN_STYLE = Automatic; DEVELOPMENT_TEAM = ""; TARGETED_DEVICE_FAMILY = "1,2"; SUPPORTED_PLATFORMS = "iphoneos iphonesimulator"; SWIFT_STRICT_CONCURRENCY = targeted; ENABLE_USER_SCRIPT_SANDBOXING = YES; SUPPORTS_MACCATALYST = NO; SUPPORTS_MAC_DESIGNED_FOR_IPHONE_IPAD = NO; PRODUCT_NAME = "$(TARGET_NAME)"; PRODUCT_BUNDLE_IDENTIFIER = "com.watchdogindex.consumer.WatchdogUITests"; GENERATE_INFOPLIST_FILE = YES; LD_RUNPATH_SEARCH_PATHS = ("$(inherited)", "@executable_path/Frameworks", "@loader_path/Frameworks",); TEST_TARGET_NAME = Watchdog; SWIFT_OPTIMIZATION_LEVEL = "-O"; SWIFT_ACTIVE_COMPILATION_CONDITIONS = "$(inherited)"; }; name = Release; };
		E6F9F419BCA09F8671F39C29 = { isa = XCConfigurationList; buildConfigurations = (D1D2B26E9212C983622F0F5A, 25045E29D5E83E481958D07F,); defaultConfigurationIsVisible = 0; defaultConfigurationName = Release; };
		1B52D4109EEC599A3865B3E5 = { isa = PBXNativeTarget; buildConfigurationList = E6F9F419BCA09F8671F39C29; buildPhases = (154C1383AF0436CF8D78030B, FAE165F99EA0669773A0774B, 06000EC3773114FB7B3349A4,); buildRules = (); dependencies = (1C296E7711B4A23AEBAF73D8,); name = WatchdogUITests; packageProductDependencies = (); productName = WatchdogUITests; productReference = A53B6BB576869C14512B35FD; productType = "com.apple.product-type.bundle.ui-testing"; };
		0500089CBF0A8CDDA7483BA4 = { isa = PBXGroup; children = (E58D200729876DE99B02AB75, 468C4C17392270CD3F70EA5C, A53B6BB576869C14512B35FD,); name = Products; sourceTree = "<group>"; };
		D7111DF564AAC49870618007 = { isa = PBXFileReference; lastKnownFileType = folder; path = WatchdogCore; sourceTree = SOURCE_ROOT; };
		66ADC382DA4DC6DC7D4A96AB = { isa = PBXGroup; children = (A060F5442B6E7B3645A92FA4, FF536BCAD78E5887F23E02FD, 6968B9B7788A8A82582991A6, D7111DF564AAC49870618007, 0500089CBF0A8CDDA7483BA4,); sourceTree = "<group>"; };
		9E232BE73FECBBF8659C79E7 = { isa = XCBuildConfiguration; buildSettings = { ALWAYS_SEARCH_USER_PATHS = NO; CLANG_ENABLE_MODULES = YES; SWIFT_VERSION = 5.0; IPHONEOS_DEPLOYMENT_TARGET = 17.0; SDKROOT = iphoneos; DEBUG_INFORMATION_FORMAT = "dwarf-with-dsym"; SWIFT_OPTIMIZATION_LEVEL = "-Onone"; SWIFT_ACTIVE_COMPILATION_CONDITIONS = "DEBUG $(inherited)"; }; name = Debug; };
		95126388EE2677EABF3CF99B = { isa = XCBuildConfiguration; buildSettings = { ALWAYS_SEARCH_USER_PATHS = NO; CLANG_ENABLE_MODULES = YES; SWIFT_VERSION = 5.0; IPHONEOS_DEPLOYMENT_TARGET = 17.0; SDKROOT = iphoneos; DEBUG_INFORMATION_FORMAT = "dwarf-with-dsym"; SWIFT_OPTIMIZATION_LEVEL = "-O"; SWIFT_ACTIVE_COMPILATION_CONDITIONS = "$(inherited)"; }; name = Release; };
		614471660AA131A99883C67C = { isa = XCConfigurationList; buildConfigurations = (9E232BE73FECBBF8659C79E7, 95126388EE2677EABF3CF99B,); defaultConfigurationIsVisible = 0; defaultConfigurationName = Release; };
		F6F4DA8D93E88A08220E03B7 = { isa = PBXProject; attributes = { BuildIndependentTargetsInParallel = YES; LastSwiftUpdateCheck = 1600; LastUpgradeCheck = 1600; TargetAttributes = { 4FE302B16B06C124EE5CA377 = { CreatedOnToolsVersion = 16.0; }; D3D620445B8F88632504EFC3 = { CreatedOnToolsVersion = 16.0; }; 1B52D4109EEC599A3865B3E5 = { CreatedOnToolsVersion = 16.0; }; }; }; buildConfigurationList = 614471660AA131A99883C67C; compatibilityVersion = "Xcode 14.0"; developmentRegion = en; hasScannedForEncodings = 0; knownRegions = (en, Base,); mainGroup = 66ADC382DA4DC6DC7D4A96AB; packageReferences = (079E9AD584F121BEB0BBA34E,); productRefGroup = 0500089CBF0A8CDDA7483BA4; projectDirPath = ""; projectRoot = ""; targets = (4FE302B16B06C124EE5CA377, D3D620445B8F88632504EFC3, 1B52D4109EEC599A3865B3E5,); };
	};
	rootObject = F6F4DA8D93E88A08220E03B7;
}
